
Microsoft Visual Studio Solution File, Format Version 11.00
# Visual Basic Express 2010
Project("{F184B08F-C81C-45F6-A57F-5ABD9991F28F}") = "Trapped in a Closet", "Trapped in a Closet\Trapped in a Closet.vbproj", "{0959EE7E-0AE5-4220-8523-23E082A7A6DF}"
EndProject
Global
	GlobalSection(SolutionConfigurationPlatforms) = preSolution
		Debug|x86 = Debug|x86
		Release|x86 = Release|x86
	EndGlobalSection
	GlobalSection(ProjectConfigurationPlatforms) = postSolution
		{0959EE7E-0AE5-4220-8523-23E082A7A6DF}.Debug|x86.ActiveCfg = Debug|x86
		{0959EE7E-0AE5-4220-8523-23E082A7A6DF}.Debug|x86.Build.0 = Debug|x86
		{0959EE7E-0AE5-4220-8523-23E082A7A6DF}.Release|x86.ActiveCfg = Release|x86
		{0959EE7E-0AE5-4220-8523-23E082A7A6DF}.Release|x86.Build.0 = Release|x86
	EndGlobalSection
	GlobalSection(SolutionProperties) = preSolution
		HideSolutionNode = FALSE
	EndGlobalSection
EndGlobal
